
Microsoft Visual Studio Solution File, Format Version 12.00
# Visual Studio 15
VisualStudioVersion = 15.0.28307.645
MinimumVisualStudioVersion = 10.0.40219.1
Project("{9A19103F-16F7-4668-BE54-9A1E7A4F7556}") = "Decepticon.ActiveConfiguration", "Decepticon.CurrentConfiguration\Decepticon.ActiveConfiguration.csproj", "{DFB610DF-C854-4B71-818B-F3AC9A1921A2}"
EndProject
Project("{9A19103F-16F7-4668-BE54-9A1E7A4F7556}") = "Decepticon.Tests", "Decepticon.CurrentConfiguration.IntegrationTests\Decepticon.Tests.csproj", "{767962D5-CDC6-4FB4-9604-7F153CDB6942}"
EndProject
Project("{2150E333-8FDC-42A3-9474-1A3956D46DE8}") = "Solution Items", "Solution Items", "{B08DEBD7-1A34-44EA-9C18-3A94E3B68BF6}"
	ProjectSection(SolutionItems) = preProject
		LICENSE.txt = LICENSE.txt
		README.md = README.md
	EndProjectSection
EndProject
Global
	GlobalSection(SolutionConfigurationPlatforms) = preSolution
		Debug|Any CPU = Debug|Any CPU
		Release|Any CPU = Release|Any CPU
		Staging|Any CPU = Staging|Any CPU
	EndGlobalSection
	GlobalSection(ProjectConfigurationPlatforms) = postSolution
		{DFB610DF-C854-4B71-818B-F3AC9A1921A2}.Debug|Any CPU.ActiveCfg = Debug|Any CPU
		{DFB610DF-C854-4B71-818B-F3AC9A1921A2}.Debug|Any CPU.Build.0 = Debug|Any CPU
		{DFB610DF-C854-4B71-818B-F3AC9A1921A2}.Release|Any CPU.ActiveCfg = Release|Any CPU
		{DFB610DF-C854-4B71-818B-F3AC9A1921A2}.Release|Any CPU.Build.0 = Release|Any CPU
		{DFB610DF-C854-4B71-818B-F3AC9A1921A2}.Staging|Any CPU.ActiveCfg = Staging|Any CPU
		{DFB610DF-C854-4B71-818B-F3AC9A1921A2}.Staging|Any CPU.Build.0 = Staging|Any CPU
		{767962D5-CDC6-4FB4-9604-7F153CDB6942}.Debug|Any CPU.ActiveCfg = Debug|Any CPU
		{767962D5-CDC6-4FB4-9604-7F153CDB6942}.Debug|Any CPU.Build.0 = Debug|Any CPU
		{767962D5-CDC6-4FB4-9604-7F153CDB6942}.Release|Any CPU.ActiveCfg = Release|Any CPU
		{767962D5-CDC6-4FB4-9604-7F153CDB6942}.Release|Any CPU.Build.0 = Release|Any CPU
		{767962D5-CDC6-4FB4-9604-7F153CDB6942}.Staging|Any CPU.ActiveCfg = Staging|Any CPU
		{767962D5-CDC6-4FB4-9604-7F153CDB6942}.Staging|Any CPU.Build.0 = Staging|Any CPU
	EndGlobalSection
	GlobalSection(SolutionProperties) = preSolution
		HideSolutionNode = FALSE
	EndGlobalSection
	GlobalSection(ExtensibilityGlobals) = postSolution
		SolutionGuid = {28160B19-1035-417C-AE49-5B480370C6F2}
	EndGlobalSection
EndGlobal
